{
  "version": 4,
  "terraform_version": "1.15.2",
  "serial": 14,
  "lineage": "7dbe3344-c0d9-047f-f093-71a9e7421aa5",
  "outputs": {
    "db_ip": {
      "value": "192.168.252.9",
      "type": "string"
    },
    "worker_ip": {
      "value": "192.168.252.8",
      "type": "string"
    }
  },
  "resources": [
    {
      "mode": "managed",
      "type": "multipass_instance",
      "name": "db",
      "provider": "provider[\"registry.terraform.io/larstobi/multipass\"]",
      "instances": [
        {
          "schema_version": 0,
          "attributes": {
            "cloudinit_file": "cloud-init.yaml",
            "cpus": 1,
            "disk": null,
            "image": null,
            "ipv4": "192.168.252.9",
            "memory": "1GiB",
            "name": "db-node"
          },
          "sensitive_attributes": [],
          "identity_schema_version": 0
        }
      ]
    },
    {
      "mode": "managed",
      "type": "multipass_instance",
      "name": "worker",
      "provider": "provider[\"registry.terraform.io/larstobi/multipass\"]",
      "instances": [
        {
          "schema_version": 0,
          "attributes": {
            "cloudinit_file": "cloud-init.yaml",
            "cpus": 1,
            "disk": null,
            "image": null,
            "ipv4": "192.168.252.8",
            "memory": "1GiB",
            "name": "worker-node"
          },
          "sensitive_attributes": [],
          "identity_schema_version": 0
        }
      ]
    }
  ],
  "check_results": null
}
